
Microsoft Visual Studio Solution File, Format Version 12.00
# Visual Studio Version 16
VisualStudioVersion = 16.0.30523.141
MinimumVisualStudioVersion = 10.0.40219.1
Project("{F2A71F9B-5D33-465A-A702-920D77279786}") = "TataluNotePadLepton", "TataluNotePadLepton\TataluNotePadLepton.fsproj", "{5DD05869-09B5-4453-86DE-B07AC4EE47BB}"
EndProject
Project("{FAE04EC0-301F-11D3-BF4B-00C04F79EFBC}") = "GUI", "GUI\GUI.csproj", "{5711144E-CC55-480C-80E5-B3A7DC4E492D}"
EndProject
Global
	GlobalSection(SolutionConfigurationPlatforms) = preSolution
		Debug|Any CPU = Debug|Any CPU
		Release|Any CPU = Release|Any CPU
	EndGlobalSection
	GlobalSection(ProjectConfigurationPlatforms) = postSolution
		{5DD05869-09B5-4453-86DE-B07AC4EE47BB}.Debug|Any CPU.ActiveCfg = Debug|Any CPU
		{5DD05869-09B5-4453-86DE-B07AC4EE47BB}.Debug|Any CPU.Build.0 = Debug|Any CPU
		{5DD05869-09B5-4453-86DE-B07AC4EE47BB}.Release|Any CPU.ActiveCfg = Release|Any CPU
		{5DD05869-09B5-4453-86DE-B07AC4EE47BB}.Release|Any CPU.Build.0 = Release|Any CPU
		{5711144E-CC55-480C-80E5-B3A7DC4E492D}.Debug|Any CPU.ActiveCfg = Debug|Any CPU
		{5711144E-CC55-480C-80E5-B3A7DC4E492D}.Debug|Any CPU.Build.0 = Debug|Any CPU
		{5711144E-CC55-480C-80E5-B3A7DC4E492D}.Release|Any CPU.ActiveCfg = Release|Any CPU
		{5711144E-CC55-480C-80E5-B3A7DC4E492D}.Release|Any CPU.Build.0 = Release|Any CPU
	EndGlobalSection
	GlobalSection(SolutionProperties) = preSolution
		HideSolutionNode = FALSE
	EndGlobalSection
	GlobalSection(ExtensibilityGlobals) = postSolution
		SolutionGuid = {BB93AA90-BC67-4E7C-9366-D22921D93159}
	EndGlobalSection
EndGlobal
